
Microsoft Visual Studio Solution File, Format Version 12.00
# Visual Studio Version 16
VisualStudioVersion = 16.0.30330.147
MinimumVisualStudioVersion = 10.0.40219.1
Project("{FAE04EC0-301F-11D3-BF4B-00C04F79EFBC}") = "docker-web.app", "docker-web.app\docker-web.app.csproj", "{CA33B1D3-0E0B-4DF3-BDA8-E138E291FCE3}"
EndProject
Global
	GlobalSection(SolutionConfigurationPlatforms) = preSolution
		Debug|Any CPU = Debug|Any CPU
		Release|Any CPU = Release|Any CPU
	EndGlobalSection
	GlobalSection(ProjectConfigurationPlatforms) = postSolution
		{CA33B1D3-0E0B-4DF3-BDA8-E138E291FCE3}.Debug|Any CPU.ActiveCfg = Debug|Any CPU
		{CA33B1D3-0E0B-4DF3-BDA8-E138E291FCE3}.Debug|Any CPU.Build.0 = Debug|Any CPU
		{CA33B1D3-0E0B-4DF3-BDA8-E138E291FCE3}.Release|Any CPU.ActiveCfg = Release|Any CPU
		{CA33B1D3-0E0B-4DF3-BDA8-E138E291FCE3}.Release|Any CPU.Build.0 = Release|Any CPU
	EndGlobalSection
	GlobalSection(SolutionProperties) = preSolution
		HideSolutionNode = FALSE
	EndGlobalSection
	GlobalSection(ExtensibilityGlobals) = postSolution
		SolutionGuid = {75209792-2CF1-43EB-BB73-10F7E0B62803}
	EndGlobalSection
EndGlobal
